
Microsoft Visual Studio Solution File, Format Version 12.00
# Visual Studio Version 16
VisualStudioVersion = 16.0.35325.158
MinimumVisualStudioVersion = 10.0.40219.1
Project("{FAE04EC0-301F-11D3-BF4B-00C04F79EFBC}") = "House Rental Management System", "House Rental Management System\House Rental Management System.csproj", "{11EC5142-6E68-47C8-AF6C-921A65C53047}"
EndProject
Global
	GlobalSection(SolutionConfigurationPlatforms) = preSolution
		Debug|Any CPU = Debug|Any CPU
		Release|Any CPU = Release|Any CPU
	EndGlobalSection
	GlobalSection(ProjectConfigurationPlatforms) = postSolution
		{11EC5142-6E68-47C8-AF6C-921A65C53047}.Debug|Any CPU.ActiveCfg = Debug|Any CPU
		{11EC5142-6E68-47C8-AF6C-921A65C53047}.Debug|Any CPU.Build.0 = Debug|Any CPU
		{11EC5142-6E68-47C8-AF6C-921A65C53047}.Release|Any CPU.ActiveCfg = Release|Any CPU
		{11EC5142-6E68-47C8-AF6C-921A65C53047}.Release|Any CPU.Build.0 = Release|Any CPU
	EndGlobalSection
	GlobalSection(SolutionProperties) = preSolution
		HideSolutionNode = FALSE
	EndGlobalSection
	GlobalSection(ExtensibilityGlobals) = postSolution
		SolutionGuid = {4A4CE4D2-A5A3-4436-B5D8-4A6DDB3D3B69}
	EndGlobalSection
EndGlobal
